
Microsoft Visual Studio Solution File, Format Version 12.00
Project("{2150E333-8FDC-42A3-9474-1A3956D46DE8}") = "aspire", "aspire", "{8B187392-B927-43A5-873E-D338034C961E}"
EndProject
Project("{2150E333-8FDC-42A3-9474-1A3956D46DE8}") = "src", "src", "{13F2705F-B63D-4D03-8EA2-7AC5554D9547}"
EndProject
Project("{FAE04EC0-301F-11D3-BF4B-00C04F79EFBC}") = "NewsService.AppHost", "aspire\NewsService.AppHost\NewsService.AppHost.csproj", "{31040697-15B9-4B76-A831-80C2FD783E73}"
EndProject
Project("{FAE04EC0-301F-11D3-BF4B-00C04F79EFBC}") = "NewsService.ServiceDefaults", "aspire\NewsService.ServiceDefaults\NewsService.ServiceDefaults.csproj", "{7B18CAFD-9DB7-4EFC-8FAA-CD8886469073}"
EndProject
Project("{FAE04EC0-301F-11D3-BF4B-00C04F79EFBC}") = "NewsService.Api", "src\NewsService.Api\NewsService.Api.csproj", "{4BB792BD-D18F-4273-AE37-425170C0A10E}"
EndProject
Global
	GlobalSection(SolutionConfigurationPlatforms) = preSolution
		Debug|Any CPU = Debug|Any CPU
		Release|Any CPU = Release|Any CPU
	EndGlobalSection
	GlobalSection(NestedProjects) = preSolution
		{31040697-15B9-4B76-A831-80C2FD783E73} = {8B187392-B927-43A5-873E-D338034C961E}
		{7B18CAFD-9DB7-4EFC-8FAA-CD8886469073} = {8B187392-B927-43A5-873E-D338034C961E}
		{4BB792BD-D18F-4273-AE37-425170C0A10E} = {13F2705F-B63D-4D03-8EA2-7AC5554D9547}
	EndGlobalSection
	GlobalSection(ProjectConfigurationPlatforms) = postSolution
		{31040697-15B9-4B76-A831-80C2FD783E73}.Debug|Any CPU.ActiveCfg = Debug|Any CPU
		{31040697-15B9-4B76-A831-80C2FD783E73}.Debug|Any CPU.Build.0 = Debug|Any CPU
		{31040697-15B9-4B76-A831-80C2FD783E73}.Release|Any CPU.ActiveCfg = Release|Any CPU
		{31040697-15B9-4B76-A831-80C2FD783E73}.Release|Any CPU.Build.0 = Release|Any CPU
		{7B18CAFD-9DB7-4EFC-8FAA-CD8886469073}.Debug|Any CPU.ActiveCfg = Debug|Any CPU
		{7B18CAFD-9DB7-4EFC-8FAA-CD8886469073}.Debug|Any CPU.Build.0 = Debug|Any CPU
		{7B18CAFD-9DB7-4EFC-8FAA-CD8886469073}.Release|Any CPU.ActiveCfg = Release|Any CPU
		{7B18CAFD-9DB7-4EFC-8FAA-CD8886469073}.Release|Any CPU.Build.0 = Release|Any CPU
		{4BB792BD-D18F-4273-AE37-425170C0A10E}.Debug|Any CPU.ActiveCfg = Debug|Any CPU
		{4BB792BD-D18F-4273-AE37-425170C0A10E}.Debug|Any CPU.Build.0 = Debug|Any CPU
		{4BB792BD-D18F-4273-AE37-425170C0A10E}.Release|Any CPU.ActiveCfg = Release|Any CPU
		{4BB792BD-D18F-4273-AE37-425170C0A10E}.Release|Any CPU.Build.0 = Release|Any CPU
	EndGlobalSection
EndGlobal
