
Microsoft Visual Studio Solution File, Format Version 12.00
Project("{2150E333-8FDC-42A3-9474-1A3956D46DE8}") = "aspire", "aspire", "{8B187392-B927-43A5-873E-D338034C961E}"
EndProject
Project("{2150E333-8FDC-42A3-9474-1A3956D46DE8}") = "src", "src", "{13F2705F-B63D-4D03-8EA2-7AC5554D9547}"
EndProject
Project("{FAE04EC0-301F-11D3-BF4B-00C04F79EFBC}") = "NewsService.AppHost", "aspire\NewsService.AppHost\NewsService.AppHost.csproj", "{31040697-15B9-4B76-A831-80C2FD783E73}"
EndProject
Project("{FAE04EC0-301F-11D3-BF4B-00C04F79EFBC}") = "NewsService.ServiceDefaults", "aspire\NewsService.ServiceDefaults\NewsService.ServiceDefaults.csproj", "{7B18CAFD-9DB7-4EFC-8FAA-CD8886469073}"
EndProject
Project("{FAE04EC0-301F-11D3-BF4B-00C04F79EFBC}") = "NewsService.Api", "src\NewsService.Api\NewsService.Api.csproj", "{4BB792BD-D18F-4273-AE37-425170C0A10E}"
EndProject
Project("{FAE04EC0-301F-11D3-BF4B-00C04F79EFBC}") = "NewsService.Web", "src\NewsService.Web\NewsService.Web.csproj", "{DC44B9A2-8C38-4498-9832-14DB7B9984C1}"
EndProject
Project("{FAE04EC0-301F-11D3-BF4B-00C04F79EFBC}") = "NewsService.Postgres", "src\NewsService.Postgres\NewsService.Postgres.csproj", "{F6490E93-1793-4C76-92BC-9567F3D3C0B0}"
EndProject
Project("{FAE04EC0-301F-11D3-BF4B-00C04F79EFBC}") = "NewsService.Migrations", "src\NewsService.Migrations\NewsService.Migrations.csproj", "{25DCFAFC-DE5B-4DA3-ACEA-AEB42C42C485}"
EndProject
Project("{FAE04EC0-301F-11D3-BF4B-00C04F79EFBC}") = "NewsService.Contracts", "src\NewsService.Contracts\NewsService.Contracts.csproj", "{EB80A607-6502-42CD-AD2A-91276D04707F}"
EndProject
Project("{FAE04EC0-301F-11D3-BF4B-00C04F79EFBC}") = "NewsService.ProcessFile", "src\NewsService.ProcessFile\NewsService.ProcessFile.csproj", "{B6339AC5-8802-41C4-B9FC-7AD383C2A88B}"
EndProject
Project("{FAE04EC0-301F-11D3-BF4B-00C04F79EFBC}") = "NewsService.SyncDatabase", "src\NewsService.SyncDatabase\NewsService.SyncDatabase.csproj", "{1FA3551A-FA5D-43E2-B6EB-575A5A3F6CBD}"
EndProject
Project("{2150E333-8FDC-42A3-9474-1A3956D46DE8}") = "Items", "Items", "{2476C58D-C379-44CE-8016-9CC5C38FF8F0}"
	ProjectSection(SolutionItems) = preProject
		README.md = README.md
	EndProjectSection
EndProject
Global
	GlobalSection(SolutionConfigurationPlatforms) = preSolution
		Debug|Any CPU = Debug|Any CPU
		Release|Any CPU = Release|Any CPU
	EndGlobalSection
	GlobalSection(NestedProjects) = preSolution
		{31040697-15B9-4B76-A831-80C2FD783E73} = {8B187392-B927-43A5-873E-D338034C961E}
		{7B18CAFD-9DB7-4EFC-8FAA-CD8886469073} = {8B187392-B927-43A5-873E-D338034C961E}
		{4BB792BD-D18F-4273-AE37-425170C0A10E} = {13F2705F-B63D-4D03-8EA2-7AC5554D9547}
		{DC44B9A2-8C38-4498-9832-14DB7B9984C1} = {13F2705F-B63D-4D03-8EA2-7AC5554D9547}
		{F6490E93-1793-4C76-92BC-9567F3D3C0B0} = {13F2705F-B63D-4D03-8EA2-7AC5554D9547}
		{25DCFAFC-DE5B-4DA3-ACEA-AEB42C42C485} = {13F2705F-B63D-4D03-8EA2-7AC5554D9547}
		{EB80A607-6502-42CD-AD2A-91276D04707F} = {13F2705F-B63D-4D03-8EA2-7AC5554D9547}
		{B6339AC5-8802-41C4-B9FC-7AD383C2A88B} = {13F2705F-B63D-4D03-8EA2-7AC5554D9547}
		{1FA3551A-FA5D-43E2-B6EB-575A5A3F6CBD} = {13F2705F-B63D-4D03-8EA2-7AC5554D9547}
	EndGlobalSection
	GlobalSection(ProjectConfigurationPlatforms) = postSolution
		{31040697-15B9-4B76-A831-80C2FD783E73}.Debug|Any CPU.ActiveCfg = Debug|Any CPU
		{31040697-15B9-4B76-A831-80C2FD783E73}.Debug|Any CPU.Build.0 = Debug|Any CPU
		{31040697-15B9-4B76-A831-80C2FD783E73}.Release|Any CPU.ActiveCfg = Release|Any CPU
		{31040697-15B9-4B76-A831-80C2FD783E73}.Release|Any CPU.Build.0 = Release|Any CPU
		{7B18CAFD-9DB7-4EFC-8FAA-CD8886469073}.Debug|Any CPU.ActiveCfg = Debug|Any CPU
		{7B18CAFD-9DB7-4EFC-8FAA-CD8886469073}.Debug|Any CPU.Build.0 = Debug|Any CPU
		{7B18CAFD-9DB7-4EFC-8FAA-CD8886469073}.Release|Any CPU.ActiveCfg = Release|Any CPU
		{7B18CAFD-9DB7-4EFC-8FAA-CD8886469073}.Release|Any CPU.Build.0 = Release|Any CPU
		{4BB792BD-D18F-4273-AE37-425170C0A10E}.Debug|Any CPU.ActiveCfg = Debug|Any CPU
		{4BB792BD-D18F-4273-AE37-425170C0A10E}.Debug|Any CPU.Build.0 = Debug|Any CPU
		{4BB792BD-D18F-4273-AE37-425170C0A10E}.Release|Any CPU.ActiveCfg = Release|Any CPU
		{4BB792BD-D18F-4273-AE37-425170C0A10E}.Release|Any CPU.Build.0 = Release|Any CPU
		{DC44B9A2-8C38-4498-9832-14DB7B9984C1}.Debug|Any CPU.ActiveCfg = Debug|Any CPU
		{DC44B9A2-8C38-4498-9832-14DB7B9984C1}.Debug|Any CPU.Build.0 = Debug|Any CPU
		{DC44B9A2-8C38-4498-9832-14DB7B9984C1}.Release|Any CPU.ActiveCfg = Release|Any CPU
		{DC44B9A2-8C38-4498-9832-14DB7B9984C1}.Release|Any CPU.Build.0 = Release|Any CPU
		{F6490E93-1793-4C76-92BC-9567F3D3C0B0}.Debug|Any CPU.ActiveCfg = Debug|Any CPU
		{F6490E93-1793-4C76-92BC-9567F3D3C0B0}.Debug|Any CPU.Build.0 = Debug|Any CPU
		{F6490E93-1793-4C76-92BC-9567F3D3C0B0}.Release|Any CPU.ActiveCfg = Release|Any CPU
		{F6490E93-1793-4C76-92BC-9567F3D3C0B0}.Release|Any CPU.Build.0 = Release|Any CPU
		{25DCFAFC-DE5B-4DA3-ACEA-AEB42C42C485}.Debug|Any CPU.ActiveCfg = Debug|Any CPU
		{25DCFAFC-DE5B-4DA3-ACEA-AEB42C42C485}.Debug|Any CPU.Build.0 = Debug|Any CPU
		{25DCFAFC-DE5B-4DA3-ACEA-AEB42C42C485}.Release|Any CPU.ActiveCfg = Release|Any CPU
		{25DCFAFC-DE5B-4DA3-ACEA-AEB42C42C485}.Release|Any CPU.Build.0 = Release|Any CPU
		{EB80A607-6502-42CD-AD2A-91276D04707F}.Debug|Any CPU.ActiveCfg = Debug|Any CPU
		{EB80A607-6502-42CD-AD2A-91276D04707F}.Debug|Any CPU.Build.0 = Debug|Any CPU
		{EB80A607-6502-42CD-AD2A-91276D04707F}.Release|Any CPU.ActiveCfg = Release|Any CPU
		{EB80A607-6502-42CD-AD2A-91276D04707F}.Release|Any CPU.Build.0 = Release|Any CPU
		{B6339AC5-8802-41C4-B9FC-7AD383C2A88B}.Debug|Any CPU.ActiveCfg = Debug|Any CPU
		{B6339AC5-8802-41C4-B9FC-7AD383C2A88B}.Debug|Any CPU.Build.0 = Debug|Any CPU
		{B6339AC5-8802-41C4-B9FC-7AD383C2A88B}.Release|Any CPU.ActiveCfg = Release|Any CPU
		{B6339AC5-8802-41C4-B9FC-7AD383C2A88B}.Release|Any CPU.Build.0 = Release|Any CPU
		{1FA3551A-FA5D-43E2-B6EB-575A5A3F6CBD}.Debug|Any CPU.ActiveCfg = Debug|Any CPU
		{1FA3551A-FA5D-43E2-B6EB-575A5A3F6CBD}.Debug|Any CPU.Build.0 = Debug|Any CPU
		{1FA3551A-FA5D-43E2-B6EB-575A5A3F6CBD}.Release|Any CPU.ActiveCfg = Release|Any CPU
		{1FA3551A-FA5D-43E2-B6EB-575A5A3F6CBD}.Release|Any CPU.Build.0 = Release|Any CPU
	EndGlobalSection
EndGlobal
